
Microsoft Visual Studio Solution File, Format Version 12.00
# Visual Studio Version 17
VisualStudioVersion = 17.0.31903.59
MinimumVisualStudioVersion = 10.0.40219.1
Project("{FAE04EC0-301F-11D3-BF4B-00C04F79EFBC}") = "AccountManager.Domain", "AccountManager.Domain\AccountManager.Domain.csproj", "{6D76E82F-65C5-41E7-9577-191C26C1BD10}"
EndProject
Project("{FAE04EC0-301F-11D3-BF4B-00C04F79EFBC}") = "AccountManager.Repository", "AccountManager.Repository\AccountManager.Repository.csproj", "{7B7EA4C5-E462-4521-B253-B1CB146F0AB6}"
EndProject
Project("{FAE04EC0-301F-11D3-BF4B-00C04F79EFBC}") = "AccountManager.API", "AccountManager.API\AccountManager.API.csproj", "{1A01F58A-E007-4592-8C70-3CFFB08BA285}"
EndProject
Project("{FAE04EC0-301F-11D3-BF4B-00C04F79EFBC}") = "AccountManager.IoC", "AccountManager.IoC\AccountManager.IoC.csproj", "{5679F036-BFB8-41AB-9228-A20E4BF72906}"
EndProject
Project("{FAE04EC0-301F-11D3-BF4B-00C04F79EFBC}") = "AccountManager.Application", "AccountManager.Application\AccountManager.Application.csproj", "{E7F351BC-3FE3-42FB-BD4C-ED85D279E4CF}"
EndProject
Global
	GlobalSection(SolutionConfigurationPlatforms) = preSolution
		Debug|Any CPU = Debug|Any CPU
		Release|Any CPU = Release|Any CPU
	EndGlobalSection
	GlobalSection(SolutionProperties) = preSolution
		HideSolutionNode = FALSE
	EndGlobalSection
	GlobalSection(ProjectConfigurationPlatforms) = postSolution
		{6D76E82F-65C5-41E7-9577-191C26C1BD10}.Debug|Any CPU.ActiveCfg = Debug|Any CPU
		{6D76E82F-65C5-41E7-9577-191C26C1BD10}.Debug|Any CPU.Build.0 = Debug|Any CPU
		{6D76E82F-65C5-41E7-9577-191C26C1BD10}.Release|Any CPU.ActiveCfg = Release|Any CPU
		{6D76E82F-65C5-41E7-9577-191C26C1BD10}.Release|Any CPU.Build.0 = Release|Any CPU
		{7B7EA4C5-E462-4521-B253-B1CB146F0AB6}.Debug|Any CPU.ActiveCfg = Debug|Any CPU
		{7B7EA4C5-E462-4521-B253-B1CB146F0AB6}.Debug|Any CPU.Build.0 = Debug|Any CPU
		{7B7EA4C5-E462-4521-B253-B1CB146F0AB6}.Release|Any CPU.ActiveCfg = Release|Any CPU
		{7B7EA4C5-E462-4521-B253-B1CB146F0AB6}.Release|Any CPU.Build.0 = Release|Any CPU
		{1A01F58A-E007-4592-8C70-3CFFB08BA285}.Debug|Any CPU.ActiveCfg = Debug|Any CPU
		{1A01F58A-E007-4592-8C70-3CFFB08BA285}.Debug|Any CPU.Build.0 = Debug|Any CPU
		{1A01F58A-E007-4592-8C70-3CFFB08BA285}.Release|Any CPU.ActiveCfg = Release|Any CPU
		{1A01F58A-E007-4592-8C70-3CFFB08BA285}.Release|Any CPU.Build.0 = Release|Any CPU
		{5679F036-BFB8-41AB-9228-A20E4BF72906}.Debug|Any CPU.ActiveCfg = Debug|Any CPU
		{5679F036-BFB8-41AB-9228-A20E4BF72906}.Debug|Any CPU.Build.0 = Debug|Any CPU
		{5679F036-BFB8-41AB-9228-A20E4BF72906}.Release|Any CPU.ActiveCfg = Release|Any CPU
		{5679F036-BFB8-41AB-9228-A20E4BF72906}.Release|Any CPU.Build.0 = Release|Any CPU
		{E7F351BC-3FE3-42FB-BD4C-ED85D279E4CF}.Debug|Any CPU.ActiveCfg = Debug|Any CPU
		{E7F351BC-3FE3-42FB-BD4C-ED85D279E4CF}.Debug|Any CPU.Build.0 = Debug|Any CPU
		{E7F351BC-3FE3-42FB-BD4C-ED85D279E4CF}.Release|Any CPU.ActiveCfg = Release|Any CPU
		{E7F351BC-3FE3-42FB-BD4C-ED85D279E4CF}.Release|Any CPU.Build.0 = Release|Any CPU
	EndGlobalSection
EndGlobal
